
Microsoft Visual Studio Solution File, Format Version 12.00
# Visual Studio Version 17
VisualStudioVersion = 17.9.34728.123
MinimumVisualStudioVersion = 10.0.40219.1
Project("{FAE04EC0-301F-11D3-BF4B-00C04F79EFBC}") = "HacKMK2", "HacKMK2.csproj", "{04344B75-0734-4570-88DB-EB5EF88C208B}"
EndProject
Global
	GlobalSection(SolutionConfigurationPlatforms) = preSolution
		Debug|Any CPU = Debug|Any CPU
		Release|Any CPU = Release|Any CPU
	EndGlobalSection
	GlobalSection(ProjectConfigurationPlatforms) = postSolution
		{04344B75-0734-4570-88DB-EB5EF88C208B}.Debug|Any CPU.ActiveCfg = Debug|Any CPU
		{04344B75-0734-4570-88DB-EB5EF88C208B}.Debug|Any CPU.Build.0 = Debug|Any CPU
		{04344B75-0734-4570-88DB-EB5EF88C208B}.Release|Any CPU.ActiveCfg = Release|Any CPU
		{04344B75-0734-4570-88DB-EB5EF88C208B}.Release|Any CPU.Build.0 = Release|Any CPU
	EndGlobalSection
	GlobalSection(SolutionProperties) = preSolution
		HideSolutionNode = FALSE
	EndGlobalSection
	GlobalSection(ExtensibilityGlobals) = postSolution
		SolutionGuid = {6092B1E7-BFBC-472B-AB25-642E5D90D5A1}
	EndGlobalSection
EndGlobal
